<?xml version="1.0" encoding="utf-8"?>
<Project ToolsVersion="4.0" xmlns="http://schemas.microsoft.com/developer/msbuild/2003">
  <ItemGroup>
    <Filter Include="Source Files">
      <UniqueIdentifier>{4FC737F1-C7A5-4376-A066-2A32D752A2FF}</UniqueIdentifier>
      <Extensions>cpp;c;cc;cxx;c++;cppm;ixx;def;odl;idl;hpj;bat;asm;asmx</Extensions>
    </Filter>
    <Filter Include="Header Files">
      <UniqueIdentifier>{93995380-89BD-4b04-88EB-625FBE52EBFB}</UniqueIdentifier>
      <Extensions>h;hh;hpp;hxx;h++;hm;inl;inc;ipp;xsd</Extensions>
    </Filter>
  </ItemGroup>
  <ItemGroup>
    <ClCompile Include="..\..\AntTweakBar\src\LoadOGL.cpp">
      <Filter>Source Files</Filter>
    </ClCompile>
    <ClCompile Include="..\..\AntTweakBar\src\LoadOGLCore.cpp">
      <Filter>Source Files</Filter>
    </ClCompile>
    <ClCompile Include="..\..\AntTweakBar\src\TwBar.cpp">
      <Filter>Source Files</Filter>
    </ClCompile>
    <ClCompile Include="..\..\AntTweakBar\src\TwColors.cpp">
      <Filter>Source Files</Filter>
    </ClCompile>
    <ClCompile Include="..\..\AntTweakBar\src\TwEventSDL.c">
      <Filter>Source Files</Filter>
    </ClCompile>
    <ClCompile Include="..\..\AntTweakBar\src\TwEventSDL12.c">
      <Filter>Source Files</Filter>
    </ClCompile>
    <ClCompile Include="..\..\AntTweakBar\src\TwEventSDL13.c">
      <Filter>Source Files</Filter>
    </ClCompile>
    <ClCompile Include="..\..\AntTweakBar\src\TwEventSDL20.c">
      <Filter>Source Files</Filter>
    </ClCompile>
    <ClCompile Include="..\..\AntTweakBar\src\TwFonts.cpp">
      <Filter>Source Files</Filter>
    </ClCompile>
    <ClCompile Include="..\..\AntTweakBar\src\TwMgr.cpp">
      <Filter>Source Files</Filter>
    </ClCompile>
    <ClCompile Include="..\..\AntTweakBar\src\TwOpenGL.cpp">
      <Filter>Source Files</Filter>
    </ClCompile>
    <ClCompile Include="..\..\AntTweakBar\src\TwPrecomp.cpp">
      <Filter>Source Files</Filter>
    </ClCompile>
    <ClCompile Include="..\..\AntTweakBar\src\TwOpenGLCore.cpp">
      <Filter>Source Files</Filter>
    </ClCompile>
  </ItemGroup>
  <ItemGroup>
    <ClInclude Include="..\..\AntTweakBar\src\LoadOGL.h">
      <Filter>Source Files</Filter>
    </ClInclude>
    <ClInclude Include="..\..\AntTweakBar\src\LoadOGLCore.h">
      <Filter>Source Files</Filter>
    </ClInclude>
    <ClInclude Include="..\..\AntTweakBar\src\TwBar.h">
      <Filter>Source Files</Filter>
    </ClInclude>
    <ClInclude Include="..\..\AntTweakBar\src\TwColors.h">
      <Filter>Source Files</Filter>
    </ClInclude>
    <ClInclude Include="..\..\AntTweakBar\src\TwFonts.h">
      <Filter>Source Files</Filter>
    </ClInclude>
    <ClInclude Include="..\..\AntTweakBar\src\TwMgr.h">
      <Filter>Source Files</Filter>
    </ClInclude>
    <ClInclude Include="..\..\AntTweakBar\src\TwOpenGL.h">
      <Filter>Source Files</Filter>
    </ClInclude>
    <ClInclude Include="..\..\AntTweakBar\src\TwPrecomp.h">
      <Filter>Source Files</Filter>
    </ClInclude>
    <ClInclude Include="..\..\AntTweakBar\include\AntTweakBar.h">
      <Filter>Header Files</Filter>
    </ClInclude>
    <ClInclude Include="..\..\AntTweakBar\src\TwOpenGLCore.h">
      <Filter>Source Files</Filter>
    </ClInclude>
  </ItemGroup>
</Project>