<?xml version="1.0" encoding="utf-8"?>
<Project ToolsVersion="4.0" xmlns="http://schemas.microsoft.com/developer/msbuild/2003">
  <ItemGroup>
    <Filter Include="Source Files">
      <UniqueIdentifier>{4FC737F1-C7A5-4376-A066-2A32D752A2FF}</UniqueIdentifier>
      <Extensions>cpp;c;cc;cxx;c++;cppm;ixx;def;odl;idl;hpj;bat;asm;asmx</Extensions>
    </Filter>
  </ItemGroup>
  <ItemGroup>
    <ClCompile Include="..\..\boxplorer2.cc">
      <Filter>Source Files</Filter>
    </ClCompile>
    <ClCompile Include="..\..\camera.cc">
      <Filter>Source Files</Filter>
    </ClCompile>
    <ClCompile Include="..\..\gfx.cc">
      <Filter>Source Files</Filter>
    </ClCompile>
    <ClCompile Include="..\..\glsl.cc">
      <Filter>Source Files</Filter>
    </ClCompile>
    <ClCompile Include="..\..\hmd.cc">
      <Filter>Source Files</Filter>
    </ClCompile>
    <ClCompile Include="..\..\interpolate.cc">
      <Filter>Source Files</Filter>
    </ClCompile>
    <ClCompile Include="..\..\shader.cc">
      <Filter>Source Files</Filter>
    </ClCompile>
    <ClCompile Include="..\..\shader_manager.cc">
      <Filter>Source Files</Filter>
    </ClCompile>
    <ClCompile Include="..\..\shader_procs.cc">
      <Filter>Source Files</Filter>
    </ClCompile>
    <ClCompile Include="..\..\TGA.cc">
      <Filter>Source Files</Filter>
    </ClCompile>
    <ClCompile Include="..\..\uniforms.cc">
      <Filter>Source Files</Filter>
    </ClCompile>
    <ClCompile Include="..\..\utils.cc">
      <Filter>Source Files</Filter>
    </ClCompile>
  </ItemGroup>
  <ItemGroup>
    <ClInclude Include="..\..\camera.h">
      <Filter>Source Files</Filter>
    </ClInclude>
    <ClInclude Include="..\..\gfx.h">
      <Filter>Source Files</Filter>
    </ClInclude>
    <ClInclude Include="..\..\glsl.h">
      <Filter>Source Files</Filter>
    </ClInclude>
    <ClInclude Include="..\..\hmd.h">
      <Filter>Source Files</Filter>
    </ClInclude>
    <ClInclude Include="..\..\interpolate.h">
      <Filter>Source Files</Filter>
    </ClInclude>
    <ClInclude Include="..\..\shader.h">
      <Filter>Source Files</Filter>
    </ClInclude>
    <ClInclude Include="..\..\shader_manager.h">
      <Filter>Source Files</Filter>
    </ClInclude>
    <ClInclude Include="..\..\shader_procs.h">
      <Filter>Source Files</Filter>
    </ClInclude>
    <ClInclude Include="..\..\TGA.h">
      <Filter>Source Files</Filter>
    </ClInclude>
    <ClInclude Include="..\..\uniforms.h">
      <Filter>Source Files</Filter>
    </ClInclude>
    <ClInclude Include="..\..\utils.h">
      <Filter>Source Files</Filter>
    </ClInclude>
  </ItemGroup>
</Project>