<Solution>
  <Configurations>
    <Platform Name="x64" />
    <Platform Name="x86" />
  </Configurations>
  <Project Path="../../ovr_sdk_win_32.0.0/LibOVR/Projects/Windows/VS2017/LibOVR.vcxproj" Id="ea50e705-5113-49e5-b105-2512edc8ddc6" />
  <Project Path="../SDL2/VisualC/SDL/SDL.vcxproj" Id="81ce8daf-ebb2-4761-8e45-b71abcca8c68" />
  <Project Path="../SDL2/VisualC/SDLmain/SDLmain.vcxproj" Id="da956fd3-e142-46f2-9dd5-c78bebb56b7a" />
  <Project Path="AntTweakBar/AntTweakBar.vcxproj" Id="24bded1f-173e-4a3d-b693-fbfc1fbac720" />
  <Project Path="boxplorer2/boxplorer2.vcxproj" Id="ef43396d-a28d-4f1e-b1d9-364b39411fda" />
</Solution>
